
Microsoft Visual Studio Solution File, Format Version 12.00
# Visual Studio Version 17
VisualStudioVersion = 17.3.32825.248
MinimumVisualStudioVersion = 10.0.40219.1
Project("{FAE04EC0-301F-11D3-BF4B-00C04F79EFBC}") = "P01AjaxWstep", "P01AjaxWstep\P01AjaxWstep.csproj", "{806FF6E4-A49E-4CA3-A002-41D1C0F319F5}"
EndProject
Project("{FAE04EC0-301F-11D3-BF4B-00C04F79EFBC}") = "P03AplikacjaZawodnicy", "P03AplikacjaZawodnicy\P03AplikacjaZawodnicy.csproj", "{E6857A04-AE38-4129-ABEA-7E0AD7F0C21A}"
EndProject
Project("{FAE04EC0-301F-11D3-BF4B-00C04F79EFBC}") = "P04APlikacjaZawodnicy.Test", "P04APlikacjaZawodnicy.Test\P04APlikacjaZawodnicy.Test.csproj", "{AC86256E-C6DC-4044-9298-9CE65382E362}"
EndProject
Project("{FAE04EC0-301F-11D3-BF4B-00C04F79EFBC}") = "P05Zawodnicy.API", "P05Zawodnicy.API\P05Zawodnicy.API.csproj", "{5F454D09-0A08-411F-87CA-6B460B3B5410}"
EndProject
Project("{FAE04EC0-301F-11D3-BF4B-00C04F79EFBC}") = "P06Zawodnicy.API.Test", "P06Zawodnicy.API.Test\P06Zawodnicy.API.Test.csproj", "{8032B5A0-7EEB-41DE-93EB-CC81E840314B}"
EndProject
Global
	GlobalSection(SolutionConfigurationPlatforms) = preSolution
		Debug|Any CPU = Debug|Any CPU
		Release|Any CPU = Release|Any CPU
	EndGlobalSection
	GlobalSection(ProjectConfigurationPlatforms) = postSolution
		{806FF6E4-A49E-4CA3-A002-41D1C0F319F5}.Debug|Any CPU.ActiveCfg = Debug|Any CPU
		{806FF6E4-A49E-4CA3-A002-41D1C0F319F5}.Debug|Any CPU.Build.0 = Debug|Any CPU
		{806FF6E4-A49E-4CA3-A002-41D1C0F319F5}.Release|Any CPU.ActiveCfg = Release|Any CPU
		{806FF6E4-A49E-4CA3-A002-41D1C0F319F5}.Release|Any CPU.Build.0 = Release|Any CPU
		{E6857A04-AE38-4129-ABEA-7E0AD7F0C21A}.Debug|Any CPU.ActiveCfg = Debug|Any CPU
		{E6857A04-AE38-4129-ABEA-7E0AD7F0C21A}.Debug|Any CPU.Build.0 = Debug|Any CPU
		{E6857A04-AE38-4129-ABEA-7E0AD7F0C21A}.Release|Any CPU.ActiveCfg = Release|Any CPU
		{E6857A04-AE38-4129-ABEA-7E0AD7F0C21A}.Release|Any CPU.Build.0 = Release|Any CPU
		{AC86256E-C6DC-4044-9298-9CE65382E362}.Debug|Any CPU.ActiveCfg = Debug|Any CPU
		{AC86256E-C6DC-4044-9298-9CE65382E362}.Debug|Any CPU.Build.0 = Debug|Any CPU
		{AC86256E-C6DC-4044-9298-9CE65382E362}.Release|Any CPU.ActiveCfg = Release|Any CPU
		{AC86256E-C6DC-4044-9298-9CE65382E362}.Release|Any CPU.Build.0 = Release|Any CPU
		{5F454D09-0A08-411F-87CA-6B460B3B5410}.Debug|Any CPU.ActiveCfg = Debug|Any CPU
		{5F454D09-0A08-411F-87CA-6B460B3B5410}.Debug|Any CPU.Build.0 = Debug|Any CPU
		{5F454D09-0A08-411F-87CA-6B460B3B5410}.Release|Any CPU.ActiveCfg = Release|Any CPU
		{5F454D09-0A08-411F-87CA-6B460B3B5410}.Release|Any CPU.Build.0 = Release|Any CPU
		{8032B5A0-7EEB-41DE-93EB-CC81E840314B}.Debug|Any CPU.ActiveCfg = Debug|Any CPU
		{8032B5A0-7EEB-41DE-93EB-CC81E840314B}.Debug|Any CPU.Build.0 = Debug|Any CPU
		{8032B5A0-7EEB-41DE-93EB-CC81E840314B}.Release|Any CPU.ActiveCfg = Release|Any CPU
		{8032B5A0-7EEB-41DE-93EB-CC81E840314B}.Release|Any CPU.Build.0 = Release|Any CPU
	EndGlobalSection
	GlobalSection(SolutionProperties) = preSolution
		HideSolutionNode = FALSE
	EndGlobalSection
	GlobalSection(ExtensibilityGlobals) = postSolution
		SolutionGuid = {8A827480-BAFB-4847-8780-7A24670C5BE4}
	EndGlobalSection
EndGlobal
